<?xml version="1.0" encoding="utf-8"?>
<Project ToolsVersion="4.0" xmlns="http://schemas.microsoft.com/developer/msbuild/2003">
  <ItemGroup>
    <ClCompile Include="Application.cpp" />
    <ClCompile Include="AutoStartManager.cpp" />
    <ClCompile Include="IndicatorContext.cpp" />
    <ClCompile Include="KeyboardHook.cpp" />
    <ClCompile Include="KeyLock.cpp" />
    <ClCompile Include="MainWindow.cpp" />
    <ClCompile Include="ResourceManager.cpp" />
    <ClCompile Include="SoundManager.cpp" />
  </ItemGroup>
  <ItemGroup>
    <ClInclude Include="Application.h" />
    <ClInclude Include="AutoStartManager.h" />
    <ClInclude Include="Constants.h" />
    <ClInclude Include="IndicatorContext.h" />
    <ClInclude Include="KeyboardHook.h" />
    <ClInclude Include="MainWindow.h" />
    <ClInclude Include="Resource.h" />
    <ClInclude Include="ResourceManager.h" />
    <ClInclude Include="SimpleIni.h" />
    <ClInclude Include="SoundManager.h" />
    <ClInclude Include="targetver.h" />
  </ItemGroup>
  <ItemGroup>
    <Image Include="Resources\KeyLock.ico">
      <Filter>Resources</Filter>
    </Image>
    <Image Include="Resources\CapsLock_On.png">
      <Filter>Resources</Filter>
    </Image>
    <Image Include="Resources\CapsLock_Off.png">
      <Filter>Resources</Filter>
    </Image>
    <Image Include="Resources\NumLock_Off.png">
      <Filter>Resources</Filter>
    </Image>
    <Image Include="Resources\NumLock_On.png">
      <Filter>Resources</Filter>
    </Image>
    <Image Include="Resources\ScrollLock_Off.png">
      <Filter>Resources</Filter>
    </Image>
    <Image Include="Resources\ScrollLock_On.png">
      <Filter>Resources</Filter>
    </Image>
  </ItemGroup>
  <ItemGroup>
    <Filter Include="Resources">
      <UniqueIdentifier>{12793c8a-9245-4888-9d8a-3d2d1e45e8ce}</UniqueIdentifier>
    </Filter>
  </ItemGroup>
  <ItemGroup>
    <None Include="Resources\AppSettings.ini">
      <Filter>Resources</Filter>
    </None>
  </ItemGroup>
  <ItemGroup>
    <ResourceCompile Include="KeyLock.rc" />
  </ItemGroup>
</Project>